// !$*UTF8*$!
{
	archiveVersion = 1;
	classes = {
	};
	objectVersion = 54;
	objects = {

/* Begin PBXBuildFile section */
		0AE200E22143D5FA006B8242 /* AppDelegate.swift in Sources */ = {isa = PBXBuildFile; fileRef = 0AE200E12143D5FA006B8242 /* AppDelegate.swift */; };
		0AE200E42143D5FA006B8242 /* ViewController.swift in Sources */ = {isa = PBXBuildFile; fileRef = 0AE200E32143D5FA006B8242 /* ViewController.swift */; };
		0AE200E72143D5FA006B8242 /* Main.storyboard in Resources */ = {isa = PBXBuildFile; fileRef = 0AE200E52143D5FA006B8242 /* Main.storyboard */; };
		0AE200E92143D5FB006B8242 /* Assets.xcassets in Resources */ = {isa = PBXBuildFile; fileRef = 0AE200E82143D5FB006B8242 /* Assets.xcassets */; };
		0AE200EC2143D5FB006B8242 /* LaunchScreen.storyboard in Resources */ = {isa = PBXBuildFile; fileRef = 0AE200EA2143D5FB006B8242 /* LaunchScreen.storyboard */; };
		0C236D17277767C900857BF9 /* Model.swift in Sources */ = {isa = PBXBuildFile; fileRef = 0C236D16277767C900857BF9 /* Model.swift */; };
		0CBFCEE424AB432B00A0DB5B /* FactoryMethod.swift in Sources */ = {isa = PBXBuildFile; fileRef = 0CBFCEE324AB432B00A0DB5B /* FactoryMethod.swift */; };
		0CDDD41824BCF31A0041DB7B /* MethodInFactory.swift in Sources */ = {isa = PBXBuildFile; fileRef = 0CDDD41724BCF3190041DB7B /* MethodInFactory.swift */; };
/* End PBXBuildFile section */

/* Begin PBXFileReference section */
		0AE200DE2143D5FA006B8242 /* CalculatorFactory.app */ = {isa = PBXFileReference; explicitFileType = wrapper.application; includeInIndex = 0; path = CalculatorFactory.app; sourceTree = BUILT_PRODUCTS_DIR; };
		0AE200E12143D5FA006B8242 /* AppDelegate.swift */ = {isa = PBXFileReference; lastKnownFileType = sourcecode.swift; path = AppDelegate.swift; sourceTree = "<group>"; };
		0AE200E32143D5FA006B8242 /* ViewController.swift */ = {isa = PBXFileReference; lastKnownFileType = sourcecode.swift; path = ViewController.swift; sourceTree = "<group>"; };
		0AE200E62143D5FA006B8242 /* Base */ = {isa = PBXFileReference; lastKnownFileType = file.storyboard; name = Base; path = Base.lproj/Main.storyboard; sourceTree = "<group>"; };
		0AE200E82143D5FB006B8242 /* Assets.xcassets */ = {isa = PBXFileReference; lastKnownFileType = folder.assetcatalog; path = Assets.xcassets; sourceTree = "<group>"; };
		0AE200EB2143D5FB006B8242 /* Base */ = {isa = PBXFileReference; lastKnownFileType = file.storyboard; name = Base; path = Base.lproj/LaunchScreen.storyboard; sourceTree = "<group>"; };
		0AE200ED2143D5FB006B8242 /* Info.plist */ = {isa = PBXFileReference; lastKnownFileType = text.plist.xml; path = Info.plist; sourceTree = "<group>"; };
		0C236D16277767C900857BF9 /* Model.swift */ = {isa = PBXFileReference; lastKnownFileType = sourcecode.swift; path = Model.swift; sourceTree = "<group>"; };
		0CBFCEE324AB432B00A0DB5B /* FactoryMethod.swift */ = {isa = PBXFileReference; lastKnownFileType = sourcecode.swift; path = FactoryMethod.swift; sourceTree = "<group>"; };
		0CDDD41724BCF3190041DB7B /* MethodInFactory.swift */ = {isa = PBXFileReference; lastKnownFileType = sourcecode.swift; path = MethodInFactory.swift; sourceTree = "<group>"; };
/* End PBXFileReference section */

/* Begin PBXFrameworksBuildPhase section */
		0AE200DB2143D5FA006B8242 /* Frameworks */ = {
			isa = PBXFrameworksBuildPhase;
			buildActionMask = 2147483647;
			files = (
			);
			runOnlyForDeploymentPostprocessing = 0;
		};
/* End PBXFrameworksBuildPhase section */

/* Begin PBXGroup section */
		0AE200D52143D5FA006B8242 = {
			isa = PBXGroup;
			children = (
				0AE200E02143D5FA006B8242 /* CalculatorFactory */,
				0AE200DF2143D5FA006B8242 /* Products */,
			);
			sourceTree = "<group>";
		};
		0AE200DF2143D5FA006B8242 /* Products */ = {
			isa = PBXGroup;
			children = (
				0AE200DE2143D5FA006B8242 /* CalculatorFactory.app */,
			);
			name = Products;
			sourceTree = "<group>";
		};
		0AE200E02143D5FA006B8242 /* CalculatorFactory */ = {
			isa = PBXGroup;
			children = (
				0CDDD41A24BD9CFD0041DB7B /* Model */,
				0C236D152777675A00857BF9 /* ViewModel */,
				0CDDD41C24BD9D2B0041DB7B /* View */,
				0AE200E12143D5FA006B8242 /* AppDelegate.swift */,
				0AE200E82143D5FB006B8242 /* Assets.xcassets */,
				0AE200EA2143D5FB006B8242 /* LaunchScreen.storyboard */,
				0AE200ED2143D5FB006B8242 /* Info.plist */,
			);
			path = CalculatorFactory;
			sourceTree = "<group>";
		};
		0C236D152777675A00857BF9 /* ViewModel */ = {
			isa = PBXGroup;
			children = (
				0CBFCEE324AB432B00A0DB5B /* FactoryMethod.swift */,
				0CDDD41724BCF3190041DB7B /* MethodInFactory.swift */,
			);
			path = ViewModel;
			sourceTree = "<group>";
		};
		0CDDD41A24BD9CFD0041DB7B /* Model */ = {
			isa = PBXGroup;
			children = (
				0C236D16277767C900857BF9 /* Model.swift */,
			);
			path = Model;
			sourceTree = "<group>";
		};
		0CDDD41B24BD9D110041DB7B /* ViewController */ = {
			isa = PBXGroup;
			children = (
				0AE200E32143D5FA006B8242 /* ViewController.swift */,
			);
			path = ViewController;
			sourceTree = "<group>";
		};
		0CDDD41C24BD9D2B0041DB7B /* View */ = {
			isa = PBXGroup;
			children = (
				0AE200E52143D5FA006B8242 /* Main.storyboard */,
				0CDDD41B24BD9D110041DB7B /* ViewController */,
			);
			path = View;
			sourceTree = "<group>";
		};
/* End PBXGroup section */

/* Begin PBXNativeTarget section */
		0AE200DD2143D5FA006B8242 /* CalculatorFactory */ = {
			isa = PBXNativeTarget;
			buildConfigurationList = 0AE200F02143D5FB006B8242 /* Build configuration list for PBXNativeTarget "CalculatorFactory" */;
			buildPhases = (
				0AE200DA2143D5FA006B8242 /* Sources */,
				0AE200DB2143D5FA006B8242 /* Frameworks */,
				0AE200DC2143D5FA006B8242 /* Resources */,
			);
			buildRules = (
			);
			dependencies = (
			);
			name = CalculatorFactory;
			productName = Calculator;
			productReference = 0AE200DE2143D5FA006B8242 /* CalculatorFactory.app */;
			productType = "com.apple.product-type.application";
		};
/* End PBXNativeTarget section */

/* Begin PBXProject section */
		0AE200D62143D5FA006B8242 /* Project object */ = {
			isa = PBXProject;
			attributes = {
				LastSwiftUpdateCheck = 1000;
				LastUpgradeCheck = 1000;
				ORGANIZATIONNAME = "";
				TargetAttributes = {
					0AE200DD2143D5FA006B8242 = {
						CreatedOnToolsVersion = 10.0;
						LastSwiftMigration = 1150;
					};
				};
			};
			buildConfigurationList = 0AE200D92143D5FA006B8242 /* Build configuration list for PBXProject "CalculatorFactory" */;
			compatibilityVersion = "Xcode 12.0";
			developmentRegion = en;
			hasScannedForEncodings = 0;
			knownRegions = (
				en,
				Base,
			);
			mainGroup = 0AE200D52143D5FA006B8242;
			productRefGroup = 0AE200DF2143D5FA006B8242 /* Products */;
			projectDirPath = "";
			projectRoot = "";
			targets = (
				0AE200DD2143D5FA006B8242 /* CalculatorFactory */,
			);
		};
/* End PBXProject section */

/* Begin PBXResourcesBuildPhase section */
		0AE200DC2143D5FA006B8242 /* Resources */ = {
			isa = PBXResourcesBuildPhase;
			buildActionMask = 2147483647;
			files = (
				0AE200EC2143D5FB006B8242 /* LaunchScreen.storyboard in Resources */,
				0AE200E92143D5FB006B8242 /* Assets.xcassets in Resources */,
				0AE200E72143D5FA006B8242 /* Main.storyboard in Resources */,
			);
			runOnlyForDeploymentPostprocessing = 0;
		};
/* End PBXResourcesBuildPhase section */

/* Begin PBXSourcesBuildPhase section */
		0AE200DA2143D5FA006B8242 /* Sources */ = {
			isa = PBXSourcesBuildPhase;
			buildActionMask = 2147483647;
			files = (
				0C236D17277767C900857BF9 /* Model.swift in Sources */,
				0CDDD41824BCF31A0041DB7B /* MethodInFactory.swift in Sources */,
				0CBFCEE424AB432B00A0DB5B /* FactoryMethod.swift in Sources */,
				0AE200E42143D5FA006B8242 /* ViewController.swift in Sources */,
				0AE200E22143D5FA006B8242 /* AppDelegate.swift in Sources */,
			);
			runOnlyForDeploymentPostprocessing = 0;
		};
/* End PBXSourcesBuildPhase section */

/* Begin PBXVariantGroup section */
		0AE200E52143D5FA006B8242 /* Main.storyboard */ = {
			isa = PBXVariantGroup;
			children = (
				0AE200E62143D5FA006B8242 /* Base */,
			);
			name = Main.storyboard;
			sourceTree = "<group>";
		};
		0AE200EA2143D5FB006B8242 /* LaunchScreen.storyboard */ = {
			isa = PBXVariantGroup;
			children = (
				0AE200EB2143D5FB006B8242 /* Base */,
			);
			name = LaunchScreen.storyboard;
			sourceTree = "<group>";
		};
/* End PBXVariantGroup section */

/* Begin XCBuildConfiguration section */
		0AE200EE2143D5FB006B8242 /* Debug */ = {
			isa = XCBuildConfiguration;
			buildSettings = {
				ALWAYS_SEARCH_USER_PATHS = NO;
				CLANG_ANALYZER_NONNULL = YES;
				CLANG_ANALYZER_NUMBER_OBJECT_CONVERSION = YES_AGGRESSIVE;
				CLANG_CXX_LANGUAGE_STANDARD = "gnu++14";
				CLANG_CXX_LIBRARY = "libc++";
				CLANG_ENABLE_MODULES = YES;
				CLANG_ENABLE_OBJC_ARC = YES;
				CLANG_ENABLE_OBJC_WEAK = YES;
				CLANG_WARN_BLOCK_CAPTURE_AUTORELEASING = YES;
				CLANG_WARN_BOOL_CONVERSION = YES;
				CLANG_WARN_COMMA = YES;
				CLANG_WARN_CONSTANT_CONVERSION = YES;
				CLANG_WARN_DEPRECATED_OBJC_IMPLEMENTATIONS = YES;
				CLANG_WARN_DIRECT_OBJC_ISA_USAGE = YES_ERROR;
				CLANG_WARN_DOCUMENTATION_COMMENTS = YES;
				CLANG_WARN_EMPTY_BODY = YES;
				CLANG_WARN_ENUM_CONVERSION = YES;
				CLANG_WARN_INFINITE_RECURSION = YES;
				CLANG_WARN_INT_CONVERSION = YES;
				CLANG_WARN_NON_LITERAL_NULL_CONVERSION = YES;
				CLANG_WARN_OBJC_IMPLICIT_RETAIN_SELF = YES;
				CLANG_WARN_OBJC_LITERAL_CONVERSION = YES;
				CLANG_WARN_OBJC_ROOT_CLASS = YES_ERROR;
				CLANG_WARN_RANGE_LOOP_ANALYSIS = YES;
				CLANG_WARN_STRICT_PROTOTYPES = YES;
				CLANG_WARN_SUSPICIOUS_MOVE = YES;
				CLANG_WARN_UNGUARDED_AVAILABILITY = YES_AGGRESSIVE;
				CLANG_WARN_UNREACHABLE_CODE = YES;
				CLANG_WARN__DUPLICATE_METHOD_MATCH = YES;
				CODE_SIGN_IDENTITY = "iPhone Developer";
				COPY_PHASE_STRIP = NO;
				DEBUG_INFORMATION_FORMAT = dwarf;
				ENABLE_STRICT_OBJC_MSGSEND = YES;
				ENABLE_TESTABILITY = YES;
				GCC_C_LANGUAGE_STANDARD = gnu11;
				GCC_DYNAMIC_NO_PIC = NO;
				GCC_NO_COMMON_BLOCKS = YES;
				GCC_OPTIMIZATION_LEVEL = 0;
				GCC_PREPROCESSOR_DEFINITIONS = (
					"DEBUG=1",
					"$(inherited)",
				);
				GCC_WARN_64_TO_32_BIT_CONVERSION = YES;
				GCC_WARN_ABOUT_RETURN_TYPE = YES_ERROR;
				GCC_WARN_UNDECLARED_SELECTOR = YES;
				GCC_WARN_UNINITIALIZED_AUTOS = YES_AGGRESSIVE;
				GCC_WARN_UNUSED_FUNCTION = YES;
				GCC_WARN_UNUSED_VARIABLE = YES;
				IPHONEOS_DEPLOYMENT_TARGET = 12.0;
				MTL_ENABLE_DEBUG_INFO = INCLUDE_SOURCE;
				MTL_FAST_MATH = YES;
				ONLY_ACTIVE_ARCH = YES;
				SDKROOT = iphoneos;
				SWIFT_ACTIVE_COMPILATION_CONDITIONS = DEBUG;
				SWIFT_OPTIMIZATION_LEVEL = "-Onone";
			};
			name = Debug;
		};
		0AE200EF2143D5FB006B8242 /* Release */ = {
			isa = XCBuildConfiguration;
			buildSettings = {
				ALWAYS_SEARCH_USER_PATHS = NO;
				CLANG_ANALYZER_NONNULL = YES;
				CLANG_ANALYZER_NUMBER_OBJECT_CONVERSION = YES_AGGRESSIVE;
				CLANG_CXX_LANGUAGE_STANDARD = "gnu++14";
				CLANG_CXX_LIBRARY = "libc++";
				CLANG_ENABLE_MODULES = YES;
				CLANG_ENABLE_OBJC_ARC = YES;
				CLANG_ENABLE_OBJC_WEAK = YES;
				CLANG_WARN_BLOCK_CAPTURE_AUTORELEASING = YES;
				CLANG_WARN_BOOL_CONVERSION = YES;
				CLANG_WARN_COMMA = YES;
				CLANG_WARN_CONSTANT_CONVERSION = YES;
				CLANG_WARN_DEPRECATED_OBJC_IMPLEMENTATIONS = YES;
				CLANG_WARN_DIRECT_OBJC_ISA_USAGE = YES_ERROR;
				CLANG_WARN_DOCUMENTATION_COMMENTS = YES;
				CLANG_WARN_EMPTY_BODY = YES;
				CLANG_WARN_ENUM_CONVERSION = YES;
				CLANG_WARN_INFINITE_RECURSION = YES;
				CLANG_WARN_INT_CONVERSION = YES;
				CLANG_WARN_NON_LITERAL_NULL_CONVERSION = YES;
				CLANG_WARN_OBJC_IMPLICIT_RETAIN_SELF = YES;
				CLANG_WARN_OBJC_LITERAL_CONVERSION = YES;
				CLANG_WARN_OBJC_ROOT_CLASS = YES_ERROR;
				CLANG_WARN_RANGE_LOOP_ANALYSIS = YES;
				CLANG_WARN_STRICT_PROTOTYPES = YES;
				CLANG_WARN_SUSPICIOUS_MOVE = YES;
				CLANG_WARN_UNGUARDED_AVAILABILITY = YES_AGGRESSIVE;
				CLANG_WARN_UNREACHABLE_CODE = YES;
				CLANG_WARN__DUPLICATE_METHOD_MATCH = YES;
				CODE_SIGN_IDENTITY = "iPhone Developer";
				COPY_PHASE_STRIP = NO;
				DEBUG_INFORMATION_FORMAT = "dwarf-with-dsym";
				ENABLE_NS_ASSERTIONS = NO;
				ENABLE_STRICT_OBJC_MSGSEND = YES;
				GCC_C_LANGUAGE_STANDARD = gnu11;
				GCC_NO_COMMON_BLOCKS = YES;
				GCC_WARN_64_TO_32_BIT_CONVERSION = YES;
				GCC_WARN_ABOUT_RETURN_TYPE = YES_ERROR;
				GCC_WARN_UNDECLARED_SELECTOR = YES;
				GCC_WARN_UNINITIALIZED_AUTOS = YES_AGGRESSIVE;
				GCC_WARN_UNUSED_FUNCTION = YES;
				GCC_WARN_UNUSED_VARIABLE = YES;
				IPHONEOS_DEPLOYMENT_TARGET = 12.0;
				MTL_ENABLE_DEBUG_INFO = NO;
				MTL_FAST_MATH = YES;
				SDKROOT = iphoneos;
				SWIFT_COMPILATION_MODE = wholemodule;
				SWIFT_OPTIMIZATION_LEVEL = "-O";
				VALIDATE_PRODUCT = YES;
			};
			name = Release;
		};
		0AE200F12143D5FB006B8242 /* Debug */ = {
			isa = XCBuildConfiguration;
			buildSettings = {
				ASSETCATALOG_COMPILER_APPICON_NAME = AppIcon;
				CODE_SIGN_STYLE = Automatic;
				DEVELOPMENT_TEAM = 89RP88B8ZT;
				INFOPLIST_FILE = "$(SRCROOT)/CalculatorFactory/Info.plist";
				LD_RUNPATH_SEARCH_PATHS = (
					"$(inherited)",
					"@executable_path/Frameworks",
				);
				PRODUCT_BUNDLE_IDENTIFIER = com.jack.CalculatorFactory;
				PRODUCT_NAME = "$(TARGET_NAME)";
				SWIFT_VERSION = 5.0;
				TARGETED_DEVICE_FAMILY = "1,2";
			};
			name = Debug;
		};
		0AE200F22143D5FB006B8242 /* Release */ = {
			isa = XCBuildConfiguration;
			buildSettings = {
				ASSETCATALOG_COMPILER_APPICON_NAME = AppIcon;
				CODE_SIGN_STYLE = Automatic;
				DEVELOPMENT_TEAM = 89RP88B8ZT;
				INFOPLIST_FILE = "$(SRCROOT)/CalculatorFactory/Info.plist";
				LD_RUNPATH_SEARCH_PATHS = (
					"$(inherited)",
					"@executable_path/Frameworks",
				);
				PRODUCT_BUNDLE_IDENTIFIER = com.jack.CalculatorFactory;
				PRODUCT_NAME = "$(TARGET_NAME)";
				SWIFT_VERSION = 5.0;
				TARGETED_DEVICE_FAMILY = "1,2";
			};
			name = Release;
		};
/* End XCBuildConfiguration section */

/* Begin XCConfigurationList section */
		0AE200D92143D5FA006B8242 /* Build configuration list for PBXProject "CalculatorFactory" */ = {
			isa = XCConfigurationList;
			buildConfigurations = (
				0AE200EE2143D5FB006B8242 /* Debug */,
				0AE200EF2143D5FB006B8242 /* Release */,
			);
			defaultConfigurationIsVisible = 0;
			defaultConfigurationName = Release;
		};
		0AE200F02143D5FB006B8242 /* Build configuration list for PBXNativeTarget "CalculatorFactory" */ = {
			isa = XCConfigurationList;
			buildConfigurations = (
				0AE200F12143D5FB006B8242 /* Debug */,
				0AE200F22143D5FB006B8242 /* Release */,
			);
			defaultConfigurationIsVisible = 0;
			defaultConfigurationName = Release;
		};
/* End XCConfigurationList section */
	};
	rootObject = 0AE200D62143D5FA006B8242 /* Project object */;
}
